
Microsoft Visual Studio Solution File, Format Version 12.00
# Visual Studio Version 17
VisualStudioVersion = 17.5.002.0
MinimumVisualStudioVersion = 10.0.40219.1
Project("{9A19103F-16F7-4668-BE54-9A1E7A4F7556}") = "DesafioPOO", "DesafioPOO.csproj", "{32F2A604-382E-4060-BE97-C7C45B4501BF}"
EndProject
Global
	GlobalSection(SolutionConfigurationPlatforms) = preSolution
		Debug|Any CPU = Debug|Any CPU
		Release|Any CPU = Release|Any CPU
	EndGlobalSection
	GlobalSection(ProjectConfigurationPlatforms) = postSolution
		{32F2A604-382E-4060-BE97-C7C45B4501BF}.Debug|Any CPU.ActiveCfg = Debug|Any CPU
		{32F2A604-382E-4060-BE97-C7C45B4501BF}.Debug|Any CPU.Build.0 = Debug|Any CPU
		{32F2A604-382E-4060-BE97-C7C45B4501BF}.Release|Any CPU.ActiveCfg = Release|Any CPU
		{32F2A604-382E-4060-BE97-C7C45B4501BF}.Release|Any CPU.Build.0 = Release|Any CPU
	EndGlobalSection
	GlobalSection(SolutionProperties) = preSolution
		HideSolutionNode = FALSE
	EndGlobalSection
	GlobalSection(ExtensibilityGlobals) = postSolution
		SolutionGuid = {4E34A235-BCCE-4752-A307-5B080109BD42}
	EndGlobalSection
EndGlobal
